
Microsoft Visual Studio Solution File, Format Version 12.00
# Visual Studio Version 17
VisualStudioVersion = 17.3.32819.101
MinimumVisualStudioVersion = 10.0.40219.1
Project("{FAE04EC0-301F-11D3-BF4B-00C04F79EFBC}") = "Assessment02", "Assessment02\Assessment02.csproj", "{900AEB61-F585-4EC7-A298-CB07C3B99361}"
EndProject
Global
	GlobalSection(SolutionConfigurationPlatforms) = preSolution
		Debug|Any CPU = Debug|Any CPU
		Release|Any CPU = Release|Any CPU
	EndGlobalSection
	GlobalSection(ProjectConfigurationPlatforms) = postSolution
		{900AEB61-F585-4EC7-A298-CB07C3B99361}.Debug|Any CPU.ActiveCfg = Debug|Any CPU
		{900AEB61-F585-4EC7-A298-CB07C3B99361}.Debug|Any CPU.Build.0 = Debug|Any CPU
		{900AEB61-F585-4EC7-A298-CB07C3B99361}.Release|Any CPU.ActiveCfg = Release|Any CPU
		{900AEB61-F585-4EC7-A298-CB07C3B99361}.Release|Any CPU.Build.0 = Release|Any CPU
	EndGlobalSection
	GlobalSection(SolutionProperties) = preSolution
		HideSolutionNode = FALSE
	EndGlobalSection
	GlobalSection(ExtensibilityGlobals) = postSolution
		SolutionGuid = {1E70F706-3A52-42A9-930F-0B554273F482}
	EndGlobalSection
EndGlobal
